
Microsoft Visual Studio Solution File, Format Version 12.00
Project("{FAE04EC0-301F-11D3-BF4B-00C04F79EFBC}") = "BenchmarkAlgorithmsLab2", "BenchmarkAlgorithmsLab2\BenchmarkAlgorithmsLab2.csproj", "{F2332A62-AF66-48FA-91CC-A4C1887F34D5}"
EndProject
Global
	GlobalSection(SolutionConfigurationPlatforms) = preSolution
		Debug|Any CPU = Debug|Any CPU
		Release|Any CPU = Release|Any CPU
	EndGlobalSection
	GlobalSection(ProjectConfigurationPlatforms) = postSolution
		{F2332A62-AF66-48FA-91CC-A4C1887F34D5}.Debug|Any CPU.ActiveCfg = Debug|Any CPU
		{F2332A62-AF66-48FA-91CC-A4C1887F34D5}.Debug|Any CPU.Build.0 = Debug|Any CPU
		{F2332A62-AF66-48FA-91CC-A4C1887F34D5}.Release|Any CPU.ActiveCfg = Release|Any CPU
		{F2332A62-AF66-48FA-91CC-A4C1887F34D5}.Release|Any CPU.Build.0 = Release|Any CPU
	EndGlobalSection
EndGlobal
